// !$*UTF8*$!
{
	archiveVersion = 1;
	classes = {
	};
	objectVersion = 56;
	objects = {

/* Begin PBXBuildFile section */
		3A1C993D2BCF5EF800BE54FC /* AppDelegate.swift in Sources */ = {isa = PBXBuildFile; fileRef = 3A1C993C2BCF5EF800BE54FC /* AppDelegate.swift */; };
		3A1C993F2BCF5EF800BE54FC /* SceneDelegate.swift in Sources */ = {isa = PBXBuildFile; fileRef = 3A1C993E2BCF5EF800BE54FC /* SceneDelegate.swift */; };
		3A1C99412BCF5EF800BE54FC /* ViewController.swift in Sources */ = {isa = PBXBuildFile; fileRef = 3A1C99402BCF5EF800BE54FC /* ViewController.swift */; };
		3A1C99442BCF5EF800BE54FC /* Base in Resources */ = {isa = PBXBuildFile; fileRef = 3A1C99432BCF5EF800BE54FC /* Base */; };
		3A1C99462BCF5EFA00BE54FC /* Assets.xcassets in Resources */ = {isa = PBXBuildFile; fileRef = 3A1C99452BCF5EFA00BE54FC /* Assets.xcassets */; };
		3A1C99492BCF5EFA00BE54FC /* Base in Resources */ = {isa = PBXBuildFile; fileRef = 3A1C99482BCF5EFA00BE54FC /* Base */; };
		3A1C99512BCF5FFC00BE54FC /* InputView.swift in Sources */ = {isa = PBXBuildFile; fileRef = 3A1C99502BCF5FFC00BE54FC /* InputView.swift */; };
		3A1C99532BCF602000BE54FC /* OutputView.swift in Sources */ = {isa = PBXBuildFile; fileRef = 3A1C99522BCF602000BE54FC /* OutputView.swift */; };
		3A1C99552BCF603100BE54FC /* ContentView.swift in Sources */ = {isa = PBXBuildFile; fileRef = 3A1C99542BCF603100BE54FC /* ContentView.swift */; };
		3A1C99592BCF624700BE54FC /* CustomIngredient.swift in Sources */ = {isa = PBXBuildFile; fileRef = 3A1C99582BCF624700BE54FC /* CustomIngredient.swift */; };
		3A1C995B2BCF62FB00BE54FC /* IngredientManager.swift in Sources */ = {isa = PBXBuildFile; fileRef = 3A1C995A2BCF62FB00BE54FC /* IngredientManager.swift */; };
/* End PBXBuildFile section */

/* Begin PBXFileReference section */
		3A1C99392BCF5EF800BE54FC /* SourdoughBuddy.app */ = {isa = PBXFileReference; explicitFileType = wrapper.application; includeInIndex = 0; path = SourdoughBuddy.app; sourceTree = BUILT_PRODUCTS_DIR; };
		3A1C993C2BCF5EF800BE54FC /* AppDelegate.swift */ = {isa = PBXFileReference; lastKnownFileType = sourcecode.swift; path = AppDelegate.swift; sourceTree = "<group>"; };
		3A1C993E2BCF5EF800BE54FC /* SceneDelegate.swift */ = {isa = PBXFileReference; lastKnownFileType = sourcecode.swift; path = SceneDelegate.swift; sourceTree = "<group>"; };
		3A1C99402BCF5EF800BE54FC /* ViewController.swift */ = {isa = PBXFileReference; lastKnownFileType = sourcecode.swift; path = ViewController.swift; sourceTree = "<group>"; };
		3A1C99432BCF5EF800BE54FC /* Base */ = {isa = PBXFileReference; lastKnownFileType = file.storyboard; name = Base; path = Base.lproj/Main.storyboard; sourceTree = "<group>"; };
		3A1C99452BCF5EFA00BE54FC /* Assets.xcassets */ = {isa = PBXFileReference; lastKnownFileType = folder.assetcatalog; path = Assets.xcassets; sourceTree = "<group>"; };
		3A1C99482BCF5EFA00BE54FC /* Base */ = {isa = PBXFileReference; lastKnownFileType = file.storyboard; name = Base; path = Base.lproj/LaunchScreen.storyboard; sourceTree = "<group>"; };
		3A1C994A2BCF5EFA00BE54FC /* Info.plist */ = {isa = PBXFileReference; lastKnownFileType = text.plist.xml; path = Info.plist; sourceTree = "<group>"; };
		3A1C99502BCF5FFC00BE54FC /* InputView.swift */ = {isa = PBXFileReference; lastKnownFileType = sourcecode.swift; path = InputView.swift; sourceTree = "<group>"; };
		3A1C99522BCF602000BE54FC /* OutputView.swift */ = {isa = PBXFileReference; lastKnownFileType = sourcecode.swift; path = OutputView.swift; sourceTree = "<group>"; };
		3A1C99542BCF603100BE54FC /* ContentView.swift */ = {isa = PBXFileReference; lastKnownFileType = sourcecode.swift; path = ContentView.swift; sourceTree = "<group>"; };
		3A1C99582BCF624700BE54FC /* CustomIngredient.swift */ = {isa = PBXFileReference; lastKnownFileType = sourcecode.swift; path = CustomIngredient.swift; sourceTree = "<group>"; };
		3A1C995A2BCF62FB00BE54FC /* IngredientManager.swift */ = {isa = PBXFileReference; lastKnownFileType = sourcecode.swift; path = IngredientManager.swift; sourceTree = "<group>"; };
/* End PBXFileReference section */

/* Begin PBXFrameworksBuildPhase section */
		3A1C99362BCF5EF800BE54FC /* Frameworks */ = {
			isa = PBXFrameworksBuildPhase;
			buildActionMask = 2147483647;
			files = (
			);
			runOnlyForDeploymentPostprocessing = 0;
		};
/* End PBXFrameworksBuildPhase section */

/* Begin PBXGroup section */
		3A1C99302BCF5EF800BE54FC = {
			isa = PBXGroup;
			children = (
				3A1C993B2BCF5EF800BE54FC /* SourdoughBuddy */,
				3A1C993A2BCF5EF800BE54FC /* Products */,
			);
			sourceTree = "<group>";
		};
		3A1C993A2BCF5EF800BE54FC /* Products */ = {
			isa = PBXGroup;
			children = (
				3A1C99392BCF5EF800BE54FC /* SourdoughBuddy.app */,
			);
			name = Products;
			sourceTree = "<group>";
		};
		3A1C993B2BCF5EF800BE54FC /* SourdoughBuddy */ = {
			isa = PBXGroup;
			children = (
				3A1C993C2BCF5EF800BE54FC /* AppDelegate.swift */,
				3A1C99502BCF5FFC00BE54FC /* InputView.swift */,
				3A1C99522BCF602000BE54FC /* OutputView.swift */,
				3A1C99542BCF603100BE54FC /* ContentView.swift */,
				3A1C99582BCF624700BE54FC /* CustomIngredient.swift */,
				3A1C995A2BCF62FB00BE54FC /* IngredientManager.swift */,
				3A1C993E2BCF5EF800BE54FC /* SceneDelegate.swift */,
				3A1C99402BCF5EF800BE54FC /* ViewController.swift */,
				3A1C99422BCF5EF800BE54FC /* Main.storyboard */,
				3A1C99452BCF5EFA00BE54FC /* Assets.xcassets */,
				3A1C99472BCF5EFA00BE54FC /* LaunchScreen.storyboard */,
				3A1C994A2BCF5EFA00BE54FC /* Info.plist */,
			);
			path = SourdoughBuddy;
			sourceTree = "<group>";
		};
/* End PBXGroup section */

/* Begin PBXNativeTarget section */
		3A1C99382BCF5EF800BE54FC /* SourdoughBuddy */ = {
			isa = PBXNativeTarget;
			buildConfigurationList = 3A1C994D2BCF5EFA00BE54FC /* Build configuration list for PBXNativeTarget "SourdoughBuddy" */;
			buildPhases = (
				3A1C99352BCF5EF800BE54FC /* Sources */,
				3A1C99362BCF5EF800BE54FC /* Frameworks */,
				3A1C99372BCF5EF800BE54FC /* Resources */,
			);
			buildRules = (
			);
			dependencies = (
			);
			name = SourdoughBuddy;
			productName = SourdoughBuddy;
			productReference = 3A1C99392BCF5EF800BE54FC /* SourdoughBuddy.app */;
			productType = "com.apple.product-type.application";
		};
/* End PBXNativeTarget section */

/* Begin PBXProject section */
		3A1C99312BCF5EF800BE54FC /* Project object */ = {
			isa = PBXProject;
			attributes = {
				BuildIndependentTargetsInParallel = 1;
				LastSwiftUpdateCheck = 1530;
				LastUpgradeCheck = 1530;
				TargetAttributes = {
					3A1C99382BCF5EF800BE54FC = {
						CreatedOnToolsVersion = 15.3;
					};
				};
			};
			buildConfigurationList = 3A1C99342BCF5EF800BE54FC /* Build configuration list for PBXProject "SourdoughBuddy" */;
			compatibilityVersion = "Xcode 14.0";
			developmentRegion = en;
			hasScannedForEncodings = 0;
			knownRegions = (
				en,
				Base,
			);
			mainGroup = 3A1C99302BCF5EF800BE54FC;
			productRefGroup = 3A1C993A2BCF5EF800BE54FC /* Products */;
			projectDirPath = "";
			projectRoot = "";
			targets = (
				3A1C99382BCF5EF800BE54FC /* SourdoughBuddy */,
			);
		};
/* End PBXProject section */

/* Begin PBXResourcesBuildPhase section */
		3A1C99372BCF5EF800BE54FC /* Resources */ = {
			isa = PBXResourcesBuildPhase;
			buildActionMask = 2147483647;
			files = (
				3A1C99462BCF5EFA00BE54FC /* Assets.xcassets in Resources */,
				3A1C99492BCF5EFA00BE54FC /* Base in Resources */,
				3A1C99442BCF5EF800BE54FC /* Base in Resources */,
			);
			runOnlyForDeploymentPostprocessing = 0;
		};
/* End PBXResourcesBuildPhase section */

/* Begin PBXSourcesBuildPhase section */
		3A1C99352BCF5EF800BE54FC /* Sources */ = {
			isa = PBXSourcesBuildPhase;
			buildActionMask = 2147483647;
			files = (
				3A1C99532BCF602000BE54FC /* OutputView.swift in Sources */,
				3A1C99412BCF5EF800BE54FC /* ViewController.swift in Sources */,
				3A1C99552BCF603100BE54FC /* ContentView.swift in Sources */,
				3A1C99592BCF624700BE54FC /* CustomIngredient.swift in Sources */,
				3A1C99512BCF5FFC00BE54FC /* InputView.swift in Sources */,
				3A1C993D2BCF5EF800BE54FC /* AppDelegate.swift in Sources */,
				3A1C995B2BCF62FB00BE54FC /* IngredientManager.swift in Sources */,
				3A1C993F2BCF5EF800BE54FC /* SceneDelegate.swift in Sources */,
			);
			runOnlyForDeploymentPostprocessing = 0;
		};
/* End PBXSourcesBuildPhase section */

/* Begin PBXVariantGroup section */
		3A1C99422BCF5EF800BE54FC /* Main.storyboard */ = {
			isa = PBXVariantGroup;
			children = (
				3A1C99432BCF5EF800BE54FC /* Base */,
			);
			name = Main.storyboard;
			sourceTree = "<group>";
		};
		3A1C99472BCF5EFA00BE54FC /* LaunchScreen.storyboard */ = {
			isa = PBXVariantGroup;
			children = (
				3A1C99482BCF5EFA00BE54FC /* Base */,
			);
			name = LaunchScreen.storyboard;
			sourceTree = "<group>";
		};
/* End PBXVariantGroup section */

/* Begin XCBuildConfiguration section */
		3A1C994B2BCF5EFA00BE54FC /* Debug */ = {
			isa = XCBuildConfiguration;
			buildSettings = {
				ALWAYS_SEARCH_USER_PATHS = NO;
				ASSETCATALOG_COMPILER_GENERATE_SWIFT_ASSET_SYMBOL_EXTENSIONS = YES;
				CLANG_ANALYZER_NONNULL = YES;
				CLANG_ANALYZER_NUMBER_OBJECT_CONVERSION = YES_AGGRESSIVE;
				CLANG_CXX_LANGUAGE_STANDARD = "gnu++20";
				CLANG_ENABLE_MODULES = YES;
				CLANG_ENABLE_OBJC_ARC = YES;
				CLANG_ENABLE_OBJC_WEAK = YES;
				CLANG_WARN_BLOCK_CAPTURE_AUTORELEASING = YES;
				CLANG_WARN_BOOL_CONVERSION = YES;
				CLANG_WARN_COMMA = YES;
				CLANG_WARN_CONSTANT_CONVERSION = YES;
				CLANG_WARN_DEPRECATED_OBJC_IMPLEMENTATIONS = YES;
				CLANG_WARN_DIRECT_OBJC_ISA_USAGE = YES_ERROR;
				CLANG_WARN_DOCUMENTATION_COMMENTS = YES;
				CLANG_WARN_EMPTY_BODY = YES;
				CLANG_WARN_ENUM_CONVERSION = YES;
				CLANG_WARN_INFINITE_RECURSION = YES;
				CLANG_WARN_INT_CONVERSION = YES;
				CLANG_WARN_NON_LITERAL_NULL_CONVERSION = YES;
				CLANG_WARN_OBJC_IMPLICIT_RETAIN_SELF = YES;
				CLANG_WARN_OBJC_LITERAL_CONVERSION = YES;
				CLANG_WARN_OBJC_ROOT_CLASS = YES_ERROR;
				CLANG_WARN_QUOTED_INCLUDE_IN_FRAMEWORK_HEADER = YES;
				CLANG_WARN_RANGE_LOOP_ANALYSIS = YES;
				CLANG_WARN_STRICT_PROTOTYPES = YES;
				CLANG_WARN_SUSPICIOUS_MOVE = YES;
				CLANG_WARN_UNGUARDED_AVAILABILITY = YES_AGGRESSIVE;
				CLANG_WARN_UNREACHABLE_CODE = YES;
				CLANG_WARN__DUPLICATE_METHOD_MATCH = YES;
				COPY_PHASE_STRIP = NO;
				DEBUG_INFORMATION_FORMAT = dwarf;
				ENABLE_STRICT_OBJC_MSGSEND = YES;
				ENABLE_TESTABILITY = YES;
				ENABLE_USER_SCRIPT_SANDBOXING = YES;
				GCC_C_LANGUAGE_STANDARD = gnu17;
				GCC_DYNAMIC_NO_PIC = NO;
				GCC_NO_COMMON_BLOCKS = YES;
				GCC_OPTIMIZATION_LEVEL = 0;
				GCC_PREPROCESSOR_DEFINITIONS = (
					"DEBUG=1",
					"$(inherited)",
				);
				GCC_WARN_64_TO_32_BIT_CONVERSION = YES;
				GCC_WARN_ABOUT_RETURN_TYPE = YES_ERROR;
				GCC_WARN_UNDECLARED_SELECTOR = YES;
				GCC_WARN_UNINITIALIZED_AUTOS = YES_AGGRESSIVE;
				GCC_WARN_UNUSED_FUNCTION = YES;
				GCC_WARN_UNUSED_VARIABLE = YES;
				IPHONEOS_DEPLOYMENT_TARGET = 17.4;
				LOCALIZATION_PREFERS_STRING_CATALOGS = YES;
				MTL_ENABLE_DEBUG_INFO = INCLUDE_SOURCE;
				MTL_FAST_MATH = YES;
				ONLY_ACTIVE_ARCH = YES;
				SDKROOT = iphoneos;
				SWIFT_ACTIVE_COMPILATION_CONDITIONS = "DEBUG $(inherited)";
				SWIFT_OPTIMIZATION_LEVEL = "-Onone";
			};
			name = Debug;
		};
		3A1C994C2BCF5EFA00BE54FC /* Release */ = {
			isa = XCBuildConfiguration;
			buildSettings = {
				ALWAYS_SEARCH_USER_PATHS = NO;
				ASSETCATALOG_COMPILER_GENERATE_SWIFT_ASSET_SYMBOL_EXTENSIONS = YES;
				CLANG_ANALYZER_NONNULL = YES;
				CLANG_ANALYZER_NUMBER_OBJECT_CONVERSION = YES_AGGRESSIVE;
				CLANG_CXX_LANGUAGE_STANDARD = "gnu++20";
				CLANG_ENABLE_MODULES = YES;
				CLANG_ENABLE_OBJC_ARC = YES;
				CLANG_ENABLE_OBJC_WEAK = YES;
				CLANG_WARN_BLOCK_CAPTURE_AUTORELEASING = YES;
				CLANG_WARN_BOOL_CONVERSION = YES;
				CLANG_WARN_COMMA = YES;
				CLANG_WARN_CONSTANT_CONVERSION = YES;
				CLANG_WARN_DEPRECATED_OBJC_IMPLEMENTATIONS = YES;
				CLANG_WARN_DIRECT_OBJC_ISA_USAGE = YES_ERROR;
				CLANG_WARN_DOCUMENTATION_COMMENTS = YES;
				CLANG_WARN_EMPTY_BODY = YES;
				CLANG_WARN_ENUM_CONVERSION = YES;
				CLANG_WARN_INFINITE_RECURSION = YES;
				CLANG_WARN_INT_CONVERSION = YES;
				CLANG_WARN_NON_LITERAL_NULL_CONVERSION = YES;
				CLANG_WARN_OBJC_IMPLICIT_RETAIN_SELF = YES;
				CLANG_WARN_OBJC_LITERAL_CONVERSION = YES;
				CLANG_WARN_OBJC_ROOT_CLASS = YES_ERROR;
				CLANG_WARN_QUOTED_INCLUDE_IN_FRAMEWORK_HEADER = YES;
				CLANG_WARN_RANGE_LOOP_ANALYSIS = YES;
				CLANG_WARN_STRICT_PROTOTYPES = YES;
				CLANG_WARN_SUSPICIOUS_MOVE = YES;
				CLANG_WARN_UNGUARDED_AVAILABILITY = YES_AGGRESSIVE;
				CLANG_WARN_UNREACHABLE_CODE = YES;
				CLANG_WARN__DUPLICATE_METHOD_MATCH = YES;
				COPY_PHASE_STRIP = NO;
				DEBUG_INFORMATION_FORMAT = "dwarf-with-dsym";
				ENABLE_NS_ASSERTIONS = NO;
				ENABLE_STRICT_OBJC_MSGSEND = YES;
				ENABLE_USER_SCRIPT_SANDBOXING = YES;
				GCC_C_LANGUAGE_STANDARD = gnu17;
				GCC_NO_COMMON_BLOCKS = YES;
				GCC_WARN_64_TO_32_BIT_CONVERSION = YES;
				GCC_WARN_ABOUT_RETURN_TYPE = YES_ERROR;
				GCC_WARN_UNDECLARED_SELECTOR = YES;
				GCC_WARN_UNINITIALIZED_AUTOS = YES_AGGRESSIVE;
				GCC_WARN_UNUSED_FUNCTION = YES;
				GCC_WARN_UNUSED_VARIABLE = YES;
				IPHONEOS_DEPLOYMENT_TARGET = 17.4;
				LOCALIZATION_PREFERS_STRING_CATALOGS = YES;
				MTL_ENABLE_DEBUG_INFO = NO;
				MTL_FAST_MATH = YES;
				SDKROOT = iphoneos;
				SWIFT_COMPILATION_MODE = wholemodule;
				VALIDATE_PRODUCT = YES;
			};
			name = Release;
		};
		3A1C994E2BCF5EFA00BE54FC /* Debug */ = {
			isa = XCBuildConfiguration;
			buildSettings = {
				ASSETCATALOG_COMPILER_APPICON_NAME = AppIcon;
				ASSETCATALOG_COMPILER_GLOBAL_ACCENT_COLOR_NAME = AccentColor;
				CODE_SIGN_STYLE = Automatic;
				CURRENT_PROJECT_VERSION = 1;
				DEVELOPMENT_TEAM = 862B6ZX3H8;
				GENERATE_INFOPLIST_FILE = YES;
				INFOPLIST_FILE = SourdoughBuddy/Info.plist;
				INFOPLIST_KEY_UIApplicationSupportsIndirectInputEvents = YES;
				INFOPLIST_KEY_UILaunchStoryboardName = LaunchScreen;
				INFOPLIST_KEY_UIMainStoryboardFile = Main;
				INFOPLIST_KEY_UISupportedInterfaceOrientations_iPad = "UIInterfaceOrientationPortrait UIInterfaceOrientationPortraitUpsideDown UIInterfaceOrientationLandscapeLeft UIInterfaceOrientationLandscapeRight";
				INFOPLIST_KEY_UISupportedInterfaceOrientations_iPhone = "UIInterfaceOrientationPortrait UIInterfaceOrientationLandscapeLeft UIInterfaceOrientationLandscapeRight";
				LD_RUNPATH_SEARCH_PATHS = (
					"$(inherited)",
					"@executable_path/Frameworks",
				);
				MARKETING_VERSION = 1.0;
				PRODUCT_BUNDLE_IDENTIFIER = JuliaYbanez.SourdoughBuddy;
				PRODUCT_NAME = "$(TARGET_NAME)";
				SWIFT_EMIT_LOC_STRINGS = YES;
				SWIFT_VERSION = 5.0;
				TARGETED_DEVICE_FAMILY = "1,2";
			};
			name = Debug;
		};
		3A1C994F2BCF5EFA00BE54FC /* Release */ = {
			isa = XCBuildConfiguration;
			buildSettings = {
				ASSETCATALOG_COMPILER_APPICON_NAME = AppIcon;
				ASSETCATALOG_COMPILER_GLOBAL_ACCENT_COLOR_NAME = AccentColor;
				CODE_SIGN_STYLE = Automatic;
				CURRENT_PROJECT_VERSION = 1;
				DEVELOPMENT_TEAM = 862B6ZX3H8;
				GENERATE_INFOPLIST_FILE = YES;
				INFOPLIST_FILE = SourdoughBuddy/Info.plist;
				INFOPLIST_KEY_UIApplicationSupportsIndirectInputEvents = YES;
				INFOPLIST_KEY_UILaunchStoryboardName = LaunchScreen;
				INFOPLIST_KEY_UIMainStoryboardFile = Main;
				INFOPLIST_KEY_UISupportedInterfaceOrientations_iPad = "UIInterfaceOrientationPortrait UIInterfaceOrientationPortraitUpsideDown UIInterfaceOrientationLandscapeLeft UIInterfaceOrientationLandscapeRight";
				INFOPLIST_KEY_UISupportedInterfaceOrientations_iPhone = "UIInterfaceOrientationPortrait UIInterfaceOrientationLandscapeLeft UIInterfaceOrientationLandscapeRight";
				LD_RUNPATH_SEARCH_PATHS = (
					"$(inherited)",
					"@executable_path/Frameworks",
				);
				MARKETING_VERSION = 1.0;
				PRODUCT_BUNDLE_IDENTIFIER = JuliaYbanez.SourdoughBuddy;
				PRODUCT_NAME = "$(TARGET_NAME)";
				SWIFT_EMIT_LOC_STRINGS = YES;
				SWIFT_VERSION = 5.0;
				TARGETED_DEVICE_FAMILY = "1,2";
			};
			name = Release;
		};
/* End XCBuildConfiguration section */

/* Begin XCConfigurationList section */
		3A1C99342BCF5EF800BE54FC /* Build configuration list for PBXProject "SourdoughBuddy" */ = {
			isa = XCConfigurationList;
			buildConfigurations = (
				3A1C994B2BCF5EFA00BE54FC /* Debug */,
				3A1C994C2BCF5EFA00BE54FC /* Release */,
			);
			defaultConfigurationIsVisible = 0;
			defaultConfigurationName = Release;
		};
		3A1C994D2BCF5EFA00BE54FC /* Build configuration list for PBXNativeTarget "SourdoughBuddy" */ = {
			isa = XCConfigurationList;
			buildConfigurations = (
				3A1C994E2BCF5EFA00BE54FC /* Debug */,
				3A1C994F2BCF5EFA00BE54FC /* Release */,
			);
			defaultConfigurationIsVisible = 0;
			defaultConfigurationName = Release;
		};
/* End XCConfigurationList section */
	};
	rootObject = 3A1C99312BCF5EF800BE54FC /* Project object */;
}
